
Microsoft Visual Studio Solution File, Format Version 12.00
# Visual Studio Version 17
VisualStudioVersion = 17.0.31903.59
MinimumVisualStudioVersion = 10.0.40219.1
Project("{FAE04EC0-301F-11D3-BF4B-00C04F79EFBC}") = "StoreApp", "StoreApp\StoreApp.csproj", "{BBFC68B3-914C-4B2B-A66C-C0A2914F1916}"
EndProject
Project("{FAE04EC0-301F-11D3-BF4B-00C04F79EFBC}") = "Entities", "Entities\Entities.csproj", "{50413842-91CD-4EDD-8E57-2A6C5F98BA8F}"
EndProject
Project("{FAE04EC0-301F-11D3-BF4B-00C04F79EFBC}") = "Repositories", "Repositories\Repositories.csproj", "{3760BA3D-D474-4904-9D33-E2D68FDF9D52}"
EndProject
Project("{FAE04EC0-301F-11D3-BF4B-00C04F79EFBC}") = "Services", "Services\Services.csproj", "{FC8C5BDB-82B0-4221-AC21-24300FD4527A}"
EndProject
Global
	GlobalSection(SolutionConfigurationPlatforms) = preSolution
		Debug|Any CPU = Debug|Any CPU
		Release|Any CPU = Release|Any CPU
	EndGlobalSection
	GlobalSection(SolutionProperties) = preSolution
		HideSolutionNode = FALSE
	EndGlobalSection
	GlobalSection(ProjectConfigurationPlatforms) = postSolution
		{BBFC68B3-914C-4B2B-A66C-C0A2914F1916}.Debug|Any CPU.ActiveCfg = Debug|Any CPU
		{BBFC68B3-914C-4B2B-A66C-C0A2914F1916}.Debug|Any CPU.Build.0 = Debug|Any CPU
		{BBFC68B3-914C-4B2B-A66C-C0A2914F1916}.Release|Any CPU.ActiveCfg = Release|Any CPU
		{BBFC68B3-914C-4B2B-A66C-C0A2914F1916}.Release|Any CPU.Build.0 = Release|Any CPU
		{50413842-91CD-4EDD-8E57-2A6C5F98BA8F}.Debug|Any CPU.ActiveCfg = Debug|Any CPU
		{50413842-91CD-4EDD-8E57-2A6C5F98BA8F}.Debug|Any CPU.Build.0 = Debug|Any CPU
		{50413842-91CD-4EDD-8E57-2A6C5F98BA8F}.Release|Any CPU.ActiveCfg = Release|Any CPU
		{50413842-91CD-4EDD-8E57-2A6C5F98BA8F}.Release|Any CPU.Build.0 = Release|Any CPU
		{3760BA3D-D474-4904-9D33-E2D68FDF9D52}.Debug|Any CPU.ActiveCfg = Debug|Any CPU
		{3760BA3D-D474-4904-9D33-E2D68FDF9D52}.Debug|Any CPU.Build.0 = Debug|Any CPU
		{3760BA3D-D474-4904-9D33-E2D68FDF9D52}.Release|Any CPU.ActiveCfg = Release|Any CPU
		{3760BA3D-D474-4904-9D33-E2D68FDF9D52}.Release|Any CPU.Build.0 = Release|Any CPU
		{FC8C5BDB-82B0-4221-AC21-24300FD4527A}.Debug|Any CPU.ActiveCfg = Debug|Any CPU
		{FC8C5BDB-82B0-4221-AC21-24300FD4527A}.Debug|Any CPU.Build.0 = Debug|Any CPU
		{FC8C5BDB-82B0-4221-AC21-24300FD4527A}.Release|Any CPU.ActiveCfg = Release|Any CPU
		{FC8C5BDB-82B0-4221-AC21-24300FD4527A}.Release|Any CPU.Build.0 = Release|Any CPU
	EndGlobalSection
EndGlobal
